{
    "name": "opa-boilerplate",
    "version": "0.1.0",
    "lockfileVersion": 3,
    "requires": true,
    "packages": {
        "": {
            "name": "opa-boilerplate",
            "version": "0.1.0",
            "license": "MIT",
            "engines": {
                "node": "18.x || 22.x"
            }
        }
    }
}
